// !$*UTF8*$!
{
	archiveVersion = 1;
	classes = {
	};
	objectVersion = 50;
	objects = {

/* Begin PBXBuildFile section */
		DA22EF8A26344BC300F6D4E9 /* TaskListViewController.swift in Sources */ = {isa = PBXBuildFile; fileRef = DA22EF8926344BC300F6D4E9 /* TaskListViewController.swift */; };
		DA22EF8F26344C1200F6D4E9 /* TaskListView.swift in Sources */ = {isa = PBXBuildFile; fileRef = DA22EF8E26344C1200F6D4E9 /* TaskListView.swift */; };
		DA22EF9526344CA400F6D4E9 /* e_UIView.swift in Sources */ = {isa = PBXBuildFile; fileRef = DA22EF9426344CA400F6D4E9 /* e_UIView.swift */; };
		DA22EF9D263452DA00F6D4E9 /* TaskTableViewCell.swift in Sources */ = {isa = PBXBuildFile; fileRef = DA22EF9C263452DA00F6D4E9 /* TaskTableViewCell.swift */; };
		DA22EFA326455DFA00F6D4E9 /* TaskListCoordinator.swift in Sources */ = {isa = PBXBuildFile; fileRef = DA22EFA226455DFA00F6D4E9 /* TaskListCoordinator.swift */; };
		DA22EFB12645606600F6D4E9 /* SingleTaskViewController.swift in Sources */ = {isa = PBXBuildFile; fileRef = DA22EFB02645606600F6D4E9 /* SingleTaskViewController.swift */; };
		DA22EFB62645608C00F6D4E9 /* SingleTaskCoordinator.swift in Sources */ = {isa = PBXBuildFile; fileRef = DA22EFB52645608C00F6D4E9 /* SingleTaskCoordinator.swift */; };
		DA22EFBC2645612F00F6D4E9 /* Task.swift in Sources */ = {isa = PBXBuildFile; fileRef = DA22EFBB2645612F00F6D4E9 /* Task.swift */; };
		DA22EFC92645772B00F6D4E9 /* StorageManager.swift in Sources */ = {isa = PBXBuildFile; fileRef = DA22EFC82645772B00F6D4E9 /* StorageManager.swift */; };
		DA22EFD92645A6DA00F6D4E9 /* RecurrenceRule.swift in Sources */ = {isa = PBXBuildFile; fileRef = DA22EFD82645A6DA00F6D4E9 /* RecurrenceRule.swift */; };
		DA22EFE8265101E600F6D4E9 /* RecurrenceFrequency.swift in Sources */ = {isa = PBXBuildFile; fileRef = DA22EFE7265101E600F6D4E9 /* RecurrenceFrequency.swift */; };
		DA22EFF2265104A300F6D4E9 /* Tag.swift in Sources */ = {isa = PBXBuildFile; fileRef = DA22EFF1265104A300F6D4E9 /* Tag.swift */; };
		DA22EFFD26528D3200F6D4E9 /* TaskViewModel.swift in Sources */ = {isa = PBXBuildFile; fileRef = DA22EFFC26528D3200F6D4E9 /* TaskViewModel.swift */; };
		DA22F00226528F1900F6D4E9 /* TaskViewModelFactory.swift in Sources */ = {isa = PBXBuildFile; fileRef = DA22F00126528F1900F6D4E9 /* TaskViewModelFactory.swift */; };
		DA22F00726529D8700F6D4E9 /* e_Date.swift in Sources */ = {isa = PBXBuildFile; fileRef = DA22F00626529D8700F6D4E9 /* e_Date.swift */; };
		DA22F056265556FA00F6D4E9 /* LabelDropdownView.swift in Sources */ = {isa = PBXBuildFile; fileRef = DA22F055265556FA00F6D4E9 /* LabelDropdownView.swift */; };
		DA22F05E265557CF00F6D4E9 /* DropdownView.swift in Sources */ = {isa = PBXBuildFile; fileRef = DA22F05D265557CF00F6D4E9 /* DropdownView.swift */; };
		DA22F07F26555AE600F6D4E9 /* Localizable.strings in Resources */ = {isa = PBXBuildFile; fileRef = DA22F07D26555AE600F6D4E9 /* Localizable.strings */; };
		DA22F08D26555BE900F6D4E9 /* Strings.swift in Sources */ = {isa = PBXBuildFile; fileRef = DA22F08C26555BE900F6D4E9 /* Strings.swift */; };
		DA22F09226555E8000F6D4E9 /* DropdownButton.swift in Sources */ = {isa = PBXBuildFile; fileRef = DA22F09126555E8000F6D4E9 /* DropdownButton.swift */; };
		DA22F098265563E900F6D4E9 /* SizeConstants.swift in Sources */ = {isa = PBXBuildFile; fileRef = DA22F097265563E900F6D4E9 /* SizeConstants.swift */; };
		DA22F0A02655642200F6D4E9 /* Colors.swift in Sources */ = {isa = PBXBuildFile; fileRef = DA22F09F2655642200F6D4E9 /* Colors.swift */; };
		DA22F0A52655649A00F6D4E9 /* Fonts.swift in Sources */ = {isa = PBXBuildFile; fileRef = DA22F0A42655649A00F6D4E9 /* Fonts.swift */; };
		DA22F0AA265565B200F6D4E9 /* p_KeyboardHandler.swift in Sources */ = {isa = PBXBuildFile; fileRef = DA22F0A9265565B200F6D4E9 /* p_KeyboardHandler.swift */; };
		DA22F0AF265569F100F6D4E9 /* DatePickerView.swift in Sources */ = {isa = PBXBuildFile; fileRef = DA22F0AE265569F100F6D4E9 /* DatePickerView.swift */; };
		DA22F0B426556D7400F6D4E9 /* AppTextView.swift in Sources */ = {isa = PBXBuildFile; fileRef = DA22F0B326556D7400F6D4E9 /* AppTextView.swift */; };
		DA22F0BF26564F5900F6D4E9 /* TagsView.swift in Sources */ = {isa = PBXBuildFile; fileRef = DA22F0BE26564F5900F6D4E9 /* TagsView.swift */; };
		DA22F0C42656509400F6D4E9 /* TagCollectionViewCell.swift in Sources */ = {isa = PBXBuildFile; fileRef = DA22F0C32656509400F6D4E9 /* TagCollectionViewCell.swift */; };
		DA22F0DB2657A69A00F6D4E9 /* Nunito-Black.ttf in Resources */ = {isa = PBXBuildFile; fileRef = DA22F0CE2656A0D000F6D4E9 /* Nunito-Black.ttf */; };
		DA22F0DF2657A69C00F6D4E9 /* Nunito-BlackItalic.ttf in Resources */ = {isa = PBXBuildFile; fileRef = DA22F0D42656A0D100F6D4E9 /* Nunito-BlackItalic.ttf */; };
		DA22F0E02657A69E00F6D4E9 /* Nunito-Bold.ttf in Resources */ = {isa = PBXBuildFile; fileRef = DA22F0D72656A0D100F6D4E9 /* Nunito-Bold.ttf */; };
		DA22F0E42657A6A100F6D4E9 /* Nunito-SemiBold.ttf in Resources */ = {isa = PBXBuildFile; fileRef = DA22F0CD2656A0D000F6D4E9 /* Nunito-SemiBold.ttf */; };
		DA22F0E82657A6B200F6D4E9 /* Nunito-BoldItalic.ttf in Resources */ = {isa = PBXBuildFile; fileRef = DA22F0D12656A0D000F6D4E9 /* Nunito-BoldItalic.ttf */; };
		DA22F0EC2657A6B500F6D4E9 /* Nunito-ExtraBold.ttf in Resources */ = {isa = PBXBuildFile; fileRef = DA22F0CA2656A0D000F6D4E9 /* Nunito-ExtraBold.ttf */; };
		DA22F0F02657A6B700F6D4E9 /* Nunito-ExtraBoldItalic.ttf in Resources */ = {isa = PBXBuildFile; fileRef = DA22F0CF2656A0D000F6D4E9 /* Nunito-ExtraBoldItalic.ttf */; };
		DA22F0F42657A6B900F6D4E9 /* Nunito-ExtraLight.ttf in Resources */ = {isa = PBXBuildFile; fileRef = DA22F0D62656A0D100F6D4E9 /* Nunito-ExtraLight.ttf */; };
		DA22F0F82657A6BB00F6D4E9 /* Nunito-ExtraLightItalic.ttf in Resources */ = {isa = PBXBuildFile; fileRef = DA22F0CB2656A0D000F6D4E9 /* Nunito-ExtraLightItalic.ttf */; };
		DA22F0FC2657A6BD00F6D4E9 /* Nunito-Italic.ttf in Resources */ = {isa = PBXBuildFile; fileRef = DA22F0D52656A0D100F6D4E9 /* Nunito-Italic.ttf */; };
		DA22F1002657A6BF00F6D4E9 /* Nunito-Light.ttf in Resources */ = {isa = PBXBuildFile; fileRef = DA22F0CC2656A0D000F6D4E9 /* Nunito-Light.ttf */; };
		DA22F1042657A6C200F6D4E9 /* Nunito-LightItalic.ttf in Resources */ = {isa = PBXBuildFile; fileRef = DA22F0D02656A0D000F6D4E9 /* Nunito-LightItalic.ttf */; };
		DA22F1082657A6C400F6D4E9 /* Nunito-Regular.ttf in Resources */ = {isa = PBXBuildFile; fileRef = DA22F0D32656A0D100F6D4E9 /* Nunito-Regular.ttf */; };
		DA22F10C2657A6C700F6D4E9 /* Nunito-SemiBoldItalic.ttf in Resources */ = {isa = PBXBuildFile; fileRef = DA22F0D22656A0D000F6D4E9 /* Nunito-SemiBoldItalic.ttf */; };
		DA22F111265B95A900F6D4E9 /* TasksManager.swift in Sources */ = {isa = PBXBuildFile; fileRef = DA22F110265B95A900F6D4E9 /* TasksManager.swift */; };
		DA22F116265CE58600F6D4E9 /* UserDefaultsService.swift in Sources */ = {isa = PBXBuildFile; fileRef = DA22F115265CE58500F6D4E9 /* UserDefaultsService.swift */; };
		DA22F11E265D11AD00F6D4E9 /* e_Array.swift in Sources */ = {isa = PBXBuildFile; fileRef = DA22F11D265D11AD00F6D4E9 /* e_Array.swift */; };
		DA22F123265D1D2B00F6D4E9 /* e_UIAlertController.swift in Sources */ = {isa = PBXBuildFile; fileRef = DA22F122265D1D2B00F6D4E9 /* e_UIAlertController.swift */; };
		DA22F12A265F941D00F6D4E9 /* TaskCellView.swift in Sources */ = {isa = PBXBuildFile; fileRef = DA22F129265F941D00F6D4E9 /* TaskCellView.swift */; };
		DA22F1332661371300F6D4E9 /* TextViewContainer.swift in Sources */ = {isa = PBXBuildFile; fileRef = DA22F1322661371300F6D4E9 /* TextViewContainer.swift */; };
		DA22F138266137F300F6D4E9 /* e_UITextView.swift in Sources */ = {isa = PBXBuildFile; fileRef = DA22F137266137F300F6D4E9 /* e_UITextView.swift */; };
		DA22F1412662416C00F6D4E9 /* Localizable.stringsdict in Resources */ = {isa = PBXBuildFile; fileRef = DA22F1432662416C00F6D4E9 /* Localizable.stringsdict */; };
		DA22F1492662449900F6D4E9 /* e_String.swift in Sources */ = {isa = PBXBuildFile; fileRef = DA22F1482662449900F6D4E9 /* e_String.swift */; };
		DA95978326736B2500D88CAC /* RadioButton.swift in Sources */ = {isa = PBXBuildFile; fileRef = DA95978226736B2500D88CAC /* RadioButton.swift */; };
		DA95978D2676280A00D88CAC /* TimePickerView.swift in Sources */ = {isa = PBXBuildFile; fileRef = DA95978C2676280A00D88CAC /* TimePickerView.swift */; };
		DA95979226765D3800D88CAC /* TaskInputView.swift in Sources */ = {isa = PBXBuildFile; fileRef = DA95979126765D3800D88CAC /* TaskInputView.swift */; };
		DA95979726767A0C00D88CAC /* RepeatComposedView.swift in Sources */ = {isa = PBXBuildFile; fileRef = DA95979626767A0C00D88CAC /* RepeatComposedView.swift */; };
		DA9597AC267A0C3100D88CAC /* RepeatChoiceView.swift in Sources */ = {isa = PBXBuildFile; fileRef = DA9597AB267A0C3100D88CAC /* RepeatChoiceView.swift */; };
		DA9597B1267A0C8700D88CAC /* RadioSwitchTableView.swift in Sources */ = {isa = PBXBuildFile; fileRef = DA9597B0267A0C8700D88CAC /* RadioSwitchTableView.swift */; };
		DA9597B6267A0CBF00D88CAC /* RadioSwitchTableViewCell.swift in Sources */ = {isa = PBXBuildFile; fileRef = DA9597B5267A0CBF00D88CAC /* RadioSwitchTableViewCell.swift */; };
		DA9597BF267A191700D88CAC /* CheckboxView.swift in Sources */ = {isa = PBXBuildFile; fileRef = DA9597BE267A191700D88CAC /* CheckboxView.swift */; };
		DA9597C4267A19E000D88CAC /* CheckboxButton.swift in Sources */ = {isa = PBXBuildFile; fileRef = DA9597C3267A19E000D88CAC /* CheckboxButton.swift */; };
		DA9597DA267A27A300D88CAC /* RepeatWithIntervalView.swift in Sources */ = {isa = PBXBuildFile; fileRef = DA9597D9267A27A300D88CAC /* RepeatWithIntervalView.swift */; };
		DA9597DF267A5B7500D88CAC /* e_Int.swift in Sources */ = {isa = PBXBuildFile; fileRef = DA9597DE267A5B7500D88CAC /* e_Int.swift */; };
		DA9597E4267A636400D88CAC /* e_UITextField.swift in Sources */ = {isa = PBXBuildFile; fileRef = DA9597E3267A636400D88CAC /* e_UITextField.swift */; };
		DA9597E9267A657200D88CAC /* WeekdaysView.swift in Sources */ = {isa = PBXBuildFile; fileRef = DA9597E8267A657100D88CAC /* WeekdaysView.swift */; };
		DA9597EE267A65BE00D88CAC /* WeekdayCollectionViewCell.swift in Sources */ = {isa = PBXBuildFile; fileRef = DA9597ED267A65BE00D88CAC /* WeekdayCollectionViewCell.swift */; };
		DA9597F3267A67ED00D88CAC /* e_Calendar.swift in Sources */ = {isa = PBXBuildFile; fileRef = DA9597F2267A67ED00D88CAC /* e_Calendar.swift */; };
		DA9597F8267A7F4400D88CAC /* AppTextField.swift in Sources */ = {isa = PBXBuildFile; fileRef = DA9597F7267A7F4400D88CAC /* AppTextField.swift */; };
		DA9597FE267B4BAE00D88CAC /* CalendarHeaderView.swift in Sources */ = {isa = PBXBuildFile; fileRef = DA9597FD267B4BAE00D88CAC /* CalendarHeaderView.swift */; };
		DA959803267B4BCD00D88CAC /* CalendarCollectionView.swift in Sources */ = {isa = PBXBuildFile; fileRef = DA959802267B4BCD00D88CAC /* CalendarCollectionView.swift */; };
		DA959808267B4BDA00D88CAC /* CalendarCollectionViewCell.swift in Sources */ = {isa = PBXBuildFile; fileRef = DA959807267B4BDA00D88CAC /* CalendarCollectionViewCell.swift */; };
		DA95980D267B543700D88CAC /* CalendarDay.swift in Sources */ = {isa = PBXBuildFile; fileRef = DA95980C267B543700D88CAC /* CalendarDay.swift */; };
		DA959812267B658000D88CAC /* CalendarService.swift in Sources */ = {isa = PBXBuildFile; fileRef = DA959811267B658000D88CAC /* CalendarService.swift */; };
		DA959817267BAE9A00D88CAC /* WeekdaySymbolsView.swift in Sources */ = {isa = PBXBuildFile; fileRef = DA959816267BAE9A00D88CAC /* WeekdaySymbolsView.swift */; };
		DA95981F267BCF3400D88CAC /* TimeCheckboxView.swift in Sources */ = {isa = PBXBuildFile; fileRef = DA95981E267BCF3400D88CAC /* TimeCheckboxView.swift */; };
		DA959829267CA25200D88CAC /* NotificationView.swift in Sources */ = {isa = PBXBuildFile; fileRef = DA959828267CA25200D88CAC /* NotificationView.swift */; };
		DA959834267CA5F800D88CAC /* ColorView.swift in Sources */ = {isa = PBXBuildFile; fileRef = DA959833267CA5F800D88CAC /* ColorView.swift */; };
		DAF91493262B4E1500ACF14D /* AppDelegate.swift in Sources */ = {isa = PBXBuildFile; fileRef = DAF91492262B4E1500ACF14D /* AppDelegate.swift */; };
		DAF91497262B4E1500ACF14D /* ViewController.swift in Sources */ = {isa = PBXBuildFile; fileRef = DAF91496262B4E1500ACF14D /* ViewController.swift */; };
		DAF9149D262B4E1500ACF14D /* ToDoGame.xcdatamodeld in Sources */ = {isa = PBXBuildFile; fileRef = DAF9149B262B4E1500ACF14D /* ToDoGame.xcdatamodeld */; };
		DAF9149F262B4E1700ACF14D /* Assets.xcassets in Resources */ = {isa = PBXBuildFile; fileRef = DAF9149E262B4E1700ACF14D /* Assets.xcassets */; };
		DAF914A2262B4E1700ACF14D /* LaunchScreen.storyboard in Resources */ = {isa = PBXBuildFile; fileRef = DAF914A0262B4E1700ACF14D /* LaunchScreen.storyboard */; };
		DAF914AD262B4E1800ACF14D /* ToDoGameTests.swift in Sources */ = {isa = PBXBuildFile; fileRef = DAF914AC262B4E1800ACF14D /* ToDoGameTests.swift */; };
		DAF914B8262B4E1800ACF14D /* ToDoGameUITests.swift in Sources */ = {isa = PBXBuildFile; fileRef = DAF914B7262B4E1800ACF14D /* ToDoGameUITests.swift */; };
/* End PBXBuildFile section */

/* Begin PBXContainerItemProxy section */
		DAF914A9262B4E1800ACF14D /* PBXContainerItemProxy */ = {
			isa = PBXContainerItemProxy;
			containerPortal = DAF91487262B4E1500ACF14D /* Project object */;
			proxyType = 1;
			remoteGlobalIDString = DAF9148E262B4E1500ACF14D;
			remoteInfo = ToDoGame;
		};
		DAF914B4262B4E1800ACF14D /* PBXContainerItemProxy */ = {
			isa = PBXContainerItemProxy;
			containerPortal = DAF91487262B4E1500ACF14D /* Project object */;
			proxyType = 1;
			remoteGlobalIDString = DAF9148E262B4E1500ACF14D;
			remoteInfo = ToDoGame;
		};
/* End PBXContainerItemProxy section */

/* Begin PBXFileReference section */
		DA22EF8926344BC300F6D4E9 /* TaskListViewController.swift */ = {isa = PBXFileReference; lastKnownFileType = sourcecode.swift; path = TaskListViewController.swift; sourceTree = "<group>"; };
		DA22EF8E26344C1200F6D4E9 /* TaskListView.swift */ = {isa = PBXFileReference; lastKnownFileType = sourcecode.swift; path = TaskListView.swift; sourceTree = "<group>"; };
		DA22EF9426344CA400F6D4E9 /* e_UIView.swift */ = {isa = PBXFileReference; lastKnownFileType = sourcecode.swift; path = e_UIView.swift; sourceTree = "<group>"; };
		DA22EF9C263452DA00F6D4E9 /* TaskTableViewCell.swift */ = {isa = PBXFileReference; lastKnownFileType = sourcecode.swift; path = TaskTableViewCell.swift; sourceTree = "<group>"; };
		DA22EFA226455DFA00F6D4E9 /* TaskListCoordinator.swift */ = {isa = PBXFileReference; lastKnownFileType = sourcecode.swift; path = TaskListCoordinator.swift; sourceTree = "<group>"; };
		DA22EFB02645606600F6D4E9 /* SingleTaskViewController.swift */ = {isa = PBXFileReference; lastKnownFileType = sourcecode.swift; path = SingleTaskViewController.swift; sourceTree = "<group>"; };
		DA22EFB52645608C00F6D4E9 /* SingleTaskCoordinator.swift */ = {isa = PBXFileReference; lastKnownFileType = sourcecode.swift; path = SingleTaskCoordinator.swift; sourceTree = "<group>"; };
		DA22EFBB2645612F00F6D4E9 /* Task.swift */ = {isa = PBXFileReference; lastKnownFileType = sourcecode.swift; path = Task.swift; sourceTree = "<group>"; };
		DA22EFC82645772B00F6D4E9 /* StorageManager.swift */ = {isa = PBXFileReference; lastKnownFileType = sourcecode.swift; path = StorageManager.swift; sourceTree = "<group>"; };
		DA22EFD82645A6DA00F6D4E9 /* RecurrenceRule.swift */ = {isa = PBXFileReference; lastKnownFileType = sourcecode.swift; path = RecurrenceRule.swift; sourceTree = "<group>"; };
		DA22EFE7265101E600F6D4E9 /* RecurrenceFrequency.swift */ = {isa = PBXFileReference; lastKnownFileType = sourcecode.swift; path = RecurrenceFrequency.swift; sourceTree = "<group>"; };
		DA22EFF1265104A300F6D4E9 /* Tag.swift */ = {isa = PBXFileReference; lastKnownFileType = sourcecode.swift; path = Tag.swift; sourceTree = "<group>"; };
		DA22EFFC26528D3200F6D4E9 /* TaskViewModel.swift */ = {isa = PBXFileReference; lastKnownFileType = sourcecode.swift; path = TaskViewModel.swift; sourceTree = "<group>"; };
		DA22F00126528F1900F6D4E9 /* TaskViewModelFactory.swift */ = {isa = PBXFileReference; lastKnownFileType = sourcecode.swift; path = TaskViewModelFactory.swift; sourceTree = "<group>"; };
		DA22F00626529D8700F6D4E9 /* e_Date.swift */ = {isa = PBXFileReference; lastKnownFileType = sourcecode.swift; path = e_Date.swift; sourceTree = "<group>"; };
		DA22F055265556FA00F6D4E9 /* LabelDropdownView.swift */ = {isa = PBXFileReference; lastKnownFileType = sourcecode.swift; path = LabelDropdownView.swift; sourceTree = "<group>"; };
		DA22F05D265557CF00F6D4E9 /* DropdownView.swift */ = {isa = PBXFileReference; lastKnownFileType = sourcecode.swift; path = DropdownView.swift; sourceTree = "<group>"; };
		DA22F0622655593D00F6D4E9 /* ru */ = {isa = PBXFileReference; lastKnownFileType = text.plist.strings; name = ru; path = ru.lproj/LaunchScreen.strings; sourceTree = "<group>"; };
		DA22F07E26555AE600F6D4E9 /* en */ = {isa = PBXFileReference; lastKnownFileType = text.plist.strings; name = en; path = en.lproj/Localizable.strings; sourceTree = "<group>"; };
		DA22F08326555AF600F6D4E9 /* ru */ = {isa = PBXFileReference; lastKnownFileType = text.plist.strings; name = ru; path = ru.lproj/Localizable.strings; sourceTree = "<group>"; };
		DA22F08C26555BE900F6D4E9 /* Strings.swift */ = {isa = PBXFileReference; lastKnownFileType = sourcecode.swift; path = Strings.swift; sourceTree = "<group>"; };
		DA22F09126555E8000F6D4E9 /* DropdownButton.swift */ = {isa = PBXFileReference; lastKnownFileType = sourcecode.swift; path = DropdownButton.swift; sourceTree = "<group>"; };
		DA22F097265563E900F6D4E9 /* SizeConstants.swift */ = {isa = PBXFileReference; lastKnownFileType = sourcecode.swift; path = SizeConstants.swift; sourceTree = "<group>"; };
		DA22F09F2655642200F6D4E9 /* Colors.swift */ = {isa = PBXFileReference; lastKnownFileType = sourcecode.swift; path = Colors.swift; sourceTree = "<group>"; };
		DA22F0A42655649A00F6D4E9 /* Fonts.swift */ = {isa = PBXFileReference; lastKnownFileType = sourcecode.swift; path = Fonts.swift; sourceTree = "<group>"; };
		DA22F0A9265565B200F6D4E9 /* p_KeyboardHandler.swift */ = {isa = PBXFileReference; lastKnownFileType = sourcecode.swift; path = p_KeyboardHandler.swift; sourceTree = "<group>"; };
		DA22F0AE265569F100F6D4E9 /* DatePickerView.swift */ = {isa = PBXFileReference; lastKnownFileType = sourcecode.swift; path = DatePickerView.swift; sourceTree = "<group>"; };
		DA22F0B326556D7400F6D4E9 /* AppTextView.swift */ = {isa = PBXFileReference; lastKnownFileType = sourcecode.swift; path = AppTextView.swift; sourceTree = "<group>"; };
		DA22F0BE26564F5900F6D4E9 /* TagsView.swift */ = {isa = PBXFileReference; lastKnownFileType = sourcecode.swift; path = TagsView.swift; sourceTree = "<group>"; };
		DA22F0C32656509400F6D4E9 /* TagCollectionViewCell.swift */ = {isa = PBXFileReference; lastKnownFileType = sourcecode.swift; path = TagCollectionViewCell.swift; sourceTree = "<group>"; };
		DA22F0CA2656A0D000F6D4E9 /* Nunito-ExtraBold.ttf */ = {isa = PBXFileReference; lastKnownFileType = file; path = "Nunito-ExtraBold.ttf"; sourceTree = "<group>"; };
		DA22F0CB2656A0D000F6D4E9 /* Nunito-ExtraLightItalic.ttf */ = {isa = PBXFileReference; lastKnownFileType = file; path = "Nunito-ExtraLightItalic.ttf"; sourceTree = "<group>"; };
		DA22F0CC2656A0D000F6D4E9 /* Nunito-Light.ttf */ = {isa = PBXFileReference; lastKnownFileType = file; path = "Nunito-Light.ttf"; sourceTree = "<group>"; };
		DA22F0CD2656A0D000F6D4E9 /* Nunito-SemiBold.ttf */ = {isa = PBXFileReference; lastKnownFileType = file; path = "Nunito-SemiBold.ttf"; sourceTree = "<group>"; };
		DA22F0CE2656A0D000F6D4E9 /* Nunito-Black.ttf */ = {isa = PBXFileReference; lastKnownFileType = file; path = "Nunito-Black.ttf"; sourceTree = "<group>"; };
		DA22F0CF2656A0D000F6D4E9 /* Nunito-ExtraBoldItalic.ttf */ = {isa = PBXFileReference; lastKnownFileType = file; path = "Nunito-ExtraBoldItalic.ttf"; sourceTree = "<group>"; };
		DA22F0D02656A0D000F6D4E9 /* Nunito-LightItalic.ttf */ = {isa = PBXFileReference; lastKnownFileType = file; path = "Nunito-LightItalic.ttf"; sourceTree = "<group>"; };
		DA22F0D12656A0D000F6D4E9 /* Nunito-BoldItalic.ttf */ = {isa = PBXFileReference; lastKnownFileType = file; path = "Nunito-BoldItalic.ttf"; sourceTree = "<group>"; };
		DA22F0D22656A0D000F6D4E9 /* Nunito-SemiBoldItalic.ttf */ = {isa = PBXFileReference; lastKnownFileType = file; path = "Nunito-SemiBoldItalic.ttf"; sourceTree = "<group>"; };
		DA22F0D32656A0D100F6D4E9 /* Nunito-Regular.ttf */ = {isa = PBXFileReference; lastKnownFileType = file; path = "Nunito-Regular.ttf"; sourceTree = "<group>"; };
		DA22F0D42656A0D100F6D4E9 /* Nunito-BlackItalic.ttf */ = {isa = PBXFileReference; lastKnownFileType = file; path = "Nunito-BlackItalic.ttf"; sourceTree = "<group>"; };
		DA22F0D52656A0D100F6D4E9 /* Nunito-Italic.ttf */ = {isa = PBXFileReference; lastKnownFileType = file; path = "Nunito-Italic.ttf"; sourceTree = "<group>"; };
		DA22F0D62656A0D100F6D4E9 /* Nunito-ExtraLight.ttf */ = {isa = PBXFileReference; lastKnownFileType = file; path = "Nunito-ExtraLight.ttf"; sourceTree = "<group>"; };
		DA22F0D72656A0D100F6D4E9 /* Nunito-Bold.ttf */ = {isa = PBXFileReference; lastKnownFileType = file; path = "Nunito-Bold.ttf"; sourceTree = "<group>"; };
		DA22F110265B95A900F6D4E9 /* TasksManager.swift */ = {isa = PBXFileReference; lastKnownFileType = sourcecode.swift; path = TasksManager.swift; sourceTree = "<group>"; };
		DA22F115265CE58500F6D4E9 /* UserDefaultsService.swift */ = {isa = PBXFileReference; lastKnownFileType = sourcecode.swift; path = UserDefaultsService.swift; sourceTree = "<group>"; };
		DA22F11D265D11AD00F6D4E9 /* e_Array.swift */ = {isa = PBXFileReference; lastKnownFileType = sourcecode.swift; path = e_Array.swift; sourceTree = "<group>"; };
		DA22F122265D1D2B00F6D4E9 /* e_UIAlertController.swift */ = {isa = PBXFileReference; lastKnownFileType = sourcecode.swift; path = e_UIAlertController.swift; sourceTree = "<group>"; };
		DA22F129265F941D00F6D4E9 /* TaskCellView.swift */ = {isa = PBXFileReference; lastKnownFileType = sourcecode.swift; path = TaskCellView.swift; sourceTree = "<group>"; };
		DA22F1322661371300F6D4E9 /* TextViewContainer.swift */ = {isa = PBXFileReference; lastKnownFileType = sourcecode.swift; path = TextViewContainer.swift; sourceTree = "<group>"; };
		DA22F137266137F300F6D4E9 /* e_UITextView.swift */ = {isa = PBXFileReference; lastKnownFileType = sourcecode.swift; path = e_UITextView.swift; sourceTree = "<group>"; };
		DA22F1422662416C00F6D4E9 /* en */ = {isa = PBXFileReference; lastKnownFileType = text.plist.stringsdict; name = en; path = en.lproj/Localizable.stringsdict; sourceTree = "<group>"; };
		DA22F1472662417300F6D4E9 /* ru */ = {isa = PBXFileReference; lastKnownFileType = text.plist.stringsdict; name = ru; path = ru.lproj/Localizable.stringsdict; sourceTree = "<group>"; };
		DA22F1482662449900F6D4E9 /* e_String.swift */ = {isa = PBXFileReference; lastKnownFileType = sourcecode.swift; path = e_String.swift; sourceTree = "<group>"; };
		DA95978226736B2500D88CAC /* RadioButton.swift */ = {isa = PBXFileReference; lastKnownFileType = sourcecode.swift; path = RadioButton.swift; sourceTree = "<group>"; };
		DA95978C2676280A00D88CAC /* TimePickerView.swift */ = {isa = PBXFileReference; lastKnownFileType = sourcecode.swift; path = TimePickerView.swift; sourceTree = "<group>"; };
		DA95979126765D3800D88CAC /* TaskInputView.swift */ = {isa = PBXFileReference; lastKnownFileType = sourcecode.swift; path = TaskInputView.swift; sourceTree = "<group>"; };
		DA95979626767A0C00D88CAC /* RepeatComposedView.swift */ = {isa = PBXFileReference; lastKnownFileType = sourcecode.swift; path = RepeatComposedView.swift; sourceTree = "<group>"; };
		DA9597AB267A0C3100D88CAC /* RepeatChoiceView.swift */ = {isa = PBXFileReference; lastKnownFileType = sourcecode.swift; path = RepeatChoiceView.swift; sourceTree = "<group>"; };
		DA9597B0267A0C8700D88CAC /* RadioSwitchTableView.swift */ = {isa = PBXFileReference; lastKnownFileType = sourcecode.swift; path = RadioSwitchTableView.swift; sourceTree = "<group>"; };
		DA9597B5267A0CBF00D88CAC /* RadioSwitchTableViewCell.swift */ = {isa = PBXFileReference; lastKnownFileType = sourcecode.swift; path = RadioSwitchTableViewCell.swift; sourceTree = "<group>"; };
		DA9597BE267A191700D88CAC /* CheckboxView.swift */ = {isa = PBXFileReference; lastKnownFileType = sourcecode.swift; path = CheckboxView.swift; sourceTree = "<group>"; };
		DA9597C3267A19E000D88CAC /* CheckboxButton.swift */ = {isa = PBXFileReference; lastKnownFileType = sourcecode.swift; path = CheckboxButton.swift; sourceTree = "<group>"; };
		DA9597D9267A27A300D88CAC /* RepeatWithIntervalView.swift */ = {isa = PBXFileReference; lastKnownFileType = sourcecode.swift; path = RepeatWithIntervalView.swift; sourceTree = "<group>"; };
		DA9597DE267A5B7500D88CAC /* e_Int.swift */ = {isa = PBXFileReference; lastKnownFileType = sourcecode.swift; path = e_Int.swift; sourceTree = "<group>"; };
		DA9597E3267A636400D88CAC /* e_UITextField.swift */ = {isa = PBXFileReference; lastKnownFileType = sourcecode.swift; path = e_UITextField.swift; sourceTree = "<group>"; };
		DA9597E8267A657100D88CAC /* WeekdaysView.swift */ = {isa = PBXFileReference; lastKnownFileType = sourcecode.swift; path = WeekdaysView.swift; sourceTree = "<group>"; };
		DA9597ED267A65BE00D88CAC /* WeekdayCollectionViewCell.swift */ = {isa = PBXFileReference; lastKnownFileType = sourcecode.swift; path = WeekdayCollectionViewCell.swift; sourceTree = "<group>"; };
		DA9597F2267A67ED00D88CAC /* e_Calendar.swift */ = {isa = PBXFileReference; lastKnownFileType = sourcecode.swift; path = e_Calendar.swift; sourceTree = "<group>"; };
		DA9597F7267A7F4400D88CAC /* AppTextField.swift */ = {isa = PBXFileReference; lastKnownFileType = sourcecode.swift; path = AppTextField.swift; sourceTree = "<group>"; };
		DA9597FD267B4BAE00D88CAC /* CalendarHeaderView.swift */ = {isa = PBXFileReference; lastKnownFileType = sourcecode.swift; path = CalendarHeaderView.swift; sourceTree = "<group>"; };
		DA959802267B4BCD00D88CAC /* CalendarCollectionView.swift */ = {isa = PBXFileReference; lastKnownFileType = sourcecode.swift; path = CalendarCollectionView.swift; sourceTree = "<group>"; };
		DA959807267B4BDA00D88CAC /* CalendarCollectionViewCell.swift */ = {isa = PBXFileReference; lastKnownFileType = sourcecode.swift; path = CalendarCollectionViewCell.swift; sourceTree = "<group>"; };
		DA95980C267B543700D88CAC /* CalendarDay.swift */ = {isa = PBXFileReference; lastKnownFileType = sourcecode.swift; path = CalendarDay.swift; sourceTree = "<group>"; };
		DA959811267B658000D88CAC /* CalendarService.swift */ = {isa = PBXFileReference; lastKnownFileType = sourcecode.swift; path = CalendarService.swift; sourceTree = "<group>"; };
		DA959816267BAE9A00D88CAC /* WeekdaySymbolsView.swift */ = {isa = PBXFileReference; lastKnownFileType = sourcecode.swift; path = WeekdaySymbolsView.swift; sourceTree = "<group>"; };
		DA95981E267BCF3400D88CAC /* TimeCheckboxView.swift */ = {isa = PBXFileReference; lastKnownFileType = sourcecode.swift; path = TimeCheckboxView.swift; sourceTree = "<group>"; };
		DA959828267CA25200D88CAC /* NotificationView.swift */ = {isa = PBXFileReference; lastKnownFileType = sourcecode.swift; path = NotificationView.swift; sourceTree = "<group>"; };
		DA959833267CA5F800D88CAC /* ColorView.swift */ = {isa = PBXFileReference; lastKnownFileType = sourcecode.swift; path = ColorView.swift; sourceTree = "<group>"; };
		DAF9148F262B4E1500ACF14D /* ToDoGame.app */ = {isa = PBXFileReference; explicitFileType = wrapper.application; includeInIndex = 0; path = ToDoGame.app; sourceTree = BUILT_PRODUCTS_DIR; };
		DAF91492262B4E1500ACF14D /* AppDelegate.swift */ = {isa = PBXFileReference; lastKnownFileType = sourcecode.swift; path = AppDelegate.swift; sourceTree = "<group>"; };
		DAF91496262B4E1500ACF14D /* ViewController.swift */ = {isa = PBXFileReference; lastKnownFileType = sourcecode.swift; path = ViewController.swift; sourceTree = "<group>"; };
		DAF9149C262B4E1500ACF14D /* ToDoGame.xcdatamodel */ = {isa = PBXFileReference; lastKnownFileType = wrapper.xcdatamodel; path = ToDoGame.xcdatamodel; sourceTree = "<group>"; };
		DAF9149E262B4E1700ACF14D /* Assets.xcassets */ = {isa = PBXFileReference; lastKnownFileType = folder.assetcatalog; path = Assets.xcassets; sourceTree = "<group>"; };
		DAF914A1262B4E1700ACF14D /* Base */ = {isa = PBXFileReference; lastKnownFileType = file.storyboard; name = Base; path = Base.lproj/LaunchScreen.storyboard; sourceTree = "<group>"; };
		DAF914A3262B4E1700ACF14D /* Info.plist */ = {isa = PBXFileReference; lastKnownFileType = text.plist.xml; path = Info.plist; sourceTree = "<group>"; };
		DAF914A8262B4E1800ACF14D /* ToDoGameTests.xctest */ = {isa = PBXFileReference; explicitFileType = wrapper.cfbundle; includeInIndex = 0; path = ToDoGameTests.xctest; sourceTree = BUILT_PRODUCTS_DIR; };
		DAF914AC262B4E1800ACF14D /* ToDoGameTests.swift */ = {isa = PBXFileReference; lastKnownFileType = sourcecode.swift; path = ToDoGameTests.swift; sourceTree = "<group>"; };
		DAF914AE262B4E1800ACF14D /* Info.plist */ = {isa = PBXFileReference; lastKnownFileType = text.plist.xml; path = Info.plist; sourceTree = "<group>"; };
		DAF914B3262B4E1800ACF14D /* ToDoGameUITests.xctest */ = {isa = PBXFileReference; explicitFileType = wrapper.cfbundle; includeInIndex = 0; path = ToDoGameUITests.xctest; sourceTree = BUILT_PRODUCTS_DIR; };
		DAF914B7262B4E1800ACF14D /* ToDoGameUITests.swift */ = {isa = PBXFileReference; lastKnownFileType = sourcecode.swift; path = ToDoGameUITests.swift; sourceTree = "<group>"; };
		DAF914B9262B4E1800ACF14D /* Info.plist */ = {isa = PBXFileReference; lastKnownFileType = text.plist.xml; path = Info.plist; sourceTree = "<group>"; };
/* End PBXFileReference section */

/* Begin PBXFrameworksBuildPhase section */
		DAF9148C262B4E1500ACF14D /* Frameworks */ = {
			isa = PBXFrameworksBuildPhase;
			buildActionMask = 2147483647;
			files = (
			);
			runOnlyForDeploymentPostprocessing = 0;
		};
		DAF914A5262B4E1800ACF14D /* Frameworks */ = {
			isa = PBXFrameworksBuildPhase;
			buildActionMask = 2147483647;
			files = (
			);
			runOnlyForDeploymentPostprocessing = 0;
		};
		DAF914B0262B4E1800ACF14D /* Frameworks */ = {
			isa = PBXFrameworksBuildPhase;
			buildActionMask = 2147483647;
			files = (
			);
			runOnlyForDeploymentPostprocessing = 0;
		};
/* End PBXFrameworksBuildPhase section */

/* Begin PBXGroup section */
		DA22EF8626344B6E00F6D4E9 /* ToDoList */ = {
			isa = PBXGroup;
			children = (
				DA22EFA226455DFA00F6D4E9 /* TaskListCoordinator.swift */,
				DA22EF8926344BC300F6D4E9 /* TaskListViewController.swift */,
				DA22EF8E26344C1200F6D4E9 /* TaskListView.swift */,
				DA22EF9C263452DA00F6D4E9 /* TaskTableViewCell.swift */,
				DA22F129265F941D00F6D4E9 /* TaskCellView.swift */,
				DA22F110265B95A900F6D4E9 /* TasksManager.swift */,
			);
			path = ToDoList;
			sourceTree = "<group>";
		};
		DA22EF8826344B9E00F6D4E9 /* Single Task */ = {
			isa = PBXGroup;
			children = (
				DA22EFB52645608C00F6D4E9 /* SingleTaskCoordinator.swift */,
				DA22EFB02645606600F6D4E9 /* SingleTaskViewController.swift */,
				DA95979126765D3800D88CAC /* TaskInputView.swift */,
				DA22F0AE265569F100F6D4E9 /* DatePickerView.swift */,
				DA95978C2676280A00D88CAC /* TimePickerView.swift */,
				DA95981E267BCF3400D88CAC /* TimeCheckboxView.swift */,
				DA9597A026767A4200D88CAC /* Repeat */,
				DA959828267CA25200D88CAC /* NotificationView.swift */,
				DA959833267CA5F800D88CAC /* ColorView.swift */,
			);
			path = "Single Task";
			sourceTree = "<group>";
		};
		DA22EF9326344C9100F6D4E9 /* Extensions */ = {
			isa = PBXGroup;
			children = (
				DA22EF9426344CA400F6D4E9 /* e_UIView.swift */,
				DA22F137266137F300F6D4E9 /* e_UITextView.swift */,
				DA9597E3267A636400D88CAC /* e_UITextField.swift */,
				DA22F00626529D8700F6D4E9 /* e_Date.swift */,
				DA9597F2267A67ED00D88CAC /* e_Calendar.swift */,
				DA22F1482662449900F6D4E9 /* e_String.swift */,
				DA22F11D265D11AD00F6D4E9 /* e_Array.swift */,
				DA22F122265D1D2B00F6D4E9 /* e_UIAlertController.swift */,
				DA9597DE267A5B7500D88CAC /* e_Int.swift */,
			);
			path = Extensions;
			sourceTree = "<group>";
		};
		DA22EFBA2645612000F6D4E9 /* Models */ = {
			isa = PBXGroup;
			children = (
				DA22EFBB2645612F00F6D4E9 /* Task.swift */,
				DA22EFFC26528D3200F6D4E9 /* TaskViewModel.swift */,
				DA22F00126528F1900F6D4E9 /* TaskViewModelFactory.swift */,
				DA22EFD82645A6DA00F6D4E9 /* RecurrenceRule.swift */,
				DA22EFE7265101E600F6D4E9 /* RecurrenceFrequency.swift */,
				DA22EFF1265104A300F6D4E9 /* Tag.swift */,
				DA95980C267B543700D88CAC /* CalendarDay.swift */,
			);
			path = Models;
			sourceTree = "<group>";
		};
		DA22F054265556C100F6D4E9 /* Views */ = {
			isa = PBXGroup;
			children = (
				DA22F0B326556D7400F6D4E9 /* AppTextView.swift */,
				DA9597F7267A7F4400D88CAC /* AppTextField.swift */,
				DA22F1322661371300F6D4E9 /* TextViewContainer.swift */,
				DA9597FC267B4B8000D88CAC /* Calendar */,
				DA9597D3267A225800D88CAC /* Checkbox */,
				DA9597BA267A0F1000D88CAC /* RadioSwitch */,
				DA9597D4267A226F00D88CAC /* Dropdown */,
			);
			path = Views;
			sourceTree = "<group>";
		};
		DA22F096265563D700F6D4E9 /* Design */ = {
			isa = PBXGroup;
			children = (
				DA22F097265563E900F6D4E9 /* SizeConstants.swift */,
				DA22F09F2655642200F6D4E9 /* Colors.swift */,
				DA22F0A42655649A00F6D4E9 /* Fonts.swift */,
				DA22F0C92656A0BA00F6D4E9 /* Fonts */,
			);
			path = Design;
			sourceTree = "<group>";
		};
		DA22F0C92656A0BA00F6D4E9 /* Fonts */ = {
			isa = PBXGroup;
			children = (
				DA22F0CE2656A0D000F6D4E9 /* Nunito-Black.ttf */,
				DA22F0D42656A0D100F6D4E9 /* Nunito-BlackItalic.ttf */,
				DA22F0D72656A0D100F6D4E9 /* Nunito-Bold.ttf */,
				DA22F0D12656A0D000F6D4E9 /* Nunito-BoldItalic.ttf */,
				DA22F0CA2656A0D000F6D4E9 /* Nunito-ExtraBold.ttf */,
				DA22F0CF2656A0D000F6D4E9 /* Nunito-ExtraBoldItalic.ttf */,
				DA22F0D62656A0D100F6D4E9 /* Nunito-ExtraLight.ttf */,
				DA22F0CB2656A0D000F6D4E9 /* Nunito-ExtraLightItalic.ttf */,
				DA22F0D52656A0D100F6D4E9 /* Nunito-Italic.ttf */,
				DA22F0CC2656A0D000F6D4E9 /* Nunito-Light.ttf */,
				DA22F0D02656A0D000F6D4E9 /* Nunito-LightItalic.ttf */,
				DA22F0D32656A0D100F6D4E9 /* Nunito-Regular.ttf */,
				DA22F0CD2656A0D000F6D4E9 /* Nunito-SemiBold.ttf */,
				DA22F0D22656A0D000F6D4E9 /* Nunito-SemiBoldItalic.ttf */,
			);
			path = Fonts;
			sourceTree = "<group>";
		};
		DA9597A026767A4200D88CAC /* Repeat */ = {
			isa = PBXGroup;
			children = (
				DA95979626767A0C00D88CAC /* RepeatComposedView.swift */,
				DA9597AB267A0C3100D88CAC /* RepeatChoiceView.swift */,
				DA9597D9267A27A300D88CAC /* RepeatWithIntervalView.swift */,
				DA9597E8267A657100D88CAC /* WeekdaysView.swift */,
				DA9597ED267A65BE00D88CAC /* WeekdayCollectionViewCell.swift */,
			);
			path = Repeat;
			sourceTree = "<group>";
		};
		DA9597BA267A0F1000D88CAC /* RadioSwitch */ = {
			isa = PBXGroup;
			children = (
				DA9597B0267A0C8700D88CAC /* RadioSwitchTableView.swift */,
				DA9597B5267A0CBF00D88CAC /* RadioSwitchTableViewCell.swift */,
				DA95978226736B2500D88CAC /* RadioButton.swift */,
			);
			path = RadioSwitch;
			sourceTree = "<group>";
		};
		DA9597D3267A225800D88CAC /* Checkbox */ = {
			isa = PBXGroup;
			children = (
				DA9597BE267A191700D88CAC /* CheckboxView.swift */,
				DA9597C3267A19E000D88CAC /* CheckboxButton.swift */,
			);
			path = Checkbox;
			sourceTree = "<group>";
		};
		DA9597D4267A226F00D88CAC /* Dropdown */ = {
			isa = PBXGroup;
			children = (
				DA22F055265556FA00F6D4E9 /* LabelDropdownView.swift */,
				DA22F09126555E8000F6D4E9 /* DropdownButton.swift */,
				DA22F05D265557CF00F6D4E9 /* DropdownView.swift */,
			);
			path = Dropdown;
			sourceTree = "<group>";
		};
		DA9597D5267A229000D88CAC /* Archive */ = {
			isa = PBXGroup;
			children = (
				DA22F0BE26564F5900F6D4E9 /* TagsView.swift */,
				DA22F0C32656509400F6D4E9 /* TagCollectionViewCell.swift */,
			);
			path = Archive;
			sourceTree = "<group>";
		};
		DA9597FC267B4B8000D88CAC /* Calendar */ = {
			isa = PBXGroup;
			children = (
				DA9597FD267B4BAE00D88CAC /* CalendarHeaderView.swift */,
				DA959816267BAE9A00D88CAC /* WeekdaySymbolsView.swift */,
				DA959802267B4BCD00D88CAC /* CalendarCollectionView.swift */,
				DA959807267B4BDA00D88CAC /* CalendarCollectionViewCell.swift */,
				DA959811267B658000D88CAC /* CalendarService.swift */,
			);
			path = Calendar;
			sourceTree = "<group>";
		};
		DAF91486262B4E1500ACF14D = {
			isa = PBXGroup;
			children = (
				DAF91491262B4E1500ACF14D /* ToDoGame */,
				DAF914AB262B4E1800ACF14D /* ToDoGameTests */,
				DAF914B6262B4E1800ACF14D /* ToDoGameUITests */,
				DAF91490262B4E1500ACF14D /* Products */,
			);
			sourceTree = "<group>";
		};
		DAF91490262B4E1500ACF14D /* Products */ = {
			isa = PBXGroup;
			children = (
				DAF9148F262B4E1500ACF14D /* ToDoGame.app */,
				DAF914A8262B4E1800ACF14D /* ToDoGameTests.xctest */,
				DAF914B3262B4E1800ACF14D /* ToDoGameUITests.xctest */,
			);
			name = Products;
			sourceTree = "<group>";
		};
		DAF91491262B4E1500ACF14D /* ToDoGame */ = {
			isa = PBXGroup;
			children = (
				DAF91492262B4E1500ACF14D /* AppDelegate.swift */,
				DA22F0A9265565B200F6D4E9 /* p_KeyboardHandler.swift */,
				DA22EFC82645772B00F6D4E9 /* StorageManager.swift */,
				DA22F115265CE58500F6D4E9 /* UserDefaultsService.swift */,
				DA22EF8626344B6E00F6D4E9 /* ToDoList */,
				DA22EF8826344B9E00F6D4E9 /* Single Task */,
				DAF91496262B4E1500ACF14D /* ViewController.swift */,
				DA22F054265556C100F6D4E9 /* Views */,
				DA22EFBA2645612000F6D4E9 /* Models */,
				DAF9149E262B4E1700ACF14D /* Assets.xcassets */,
				DAF914A0262B4E1700ACF14D /* LaunchScreen.storyboard */,
				DAF914A3262B4E1700ACF14D /* Info.plist */,
				DA22F096265563D700F6D4E9 /* Design */,
				DA22F08C26555BE900F6D4E9 /* Strings.swift */,
				DA22F1432662416C00F6D4E9 /* Localizable.stringsdict */,
				DA22F07D26555AE600F6D4E9 /* Localizable.strings */,
				DA22EF9326344C9100F6D4E9 /* Extensions */,
				DAF9149B262B4E1500ACF14D /* ToDoGame.xcdatamodeld */,
				DA9597D5267A229000D88CAC /* Archive */,
			);
			path = ToDoGame;
			sourceTree = "<group>";
		};
		DAF914AB262B4E1800ACF14D /* ToDoGameTests */ = {
			isa = PBXGroup;
			children = (
				DAF914AC262B4E1800ACF14D /* ToDoGameTests.swift */,
				DAF914AE262B4E1800ACF14D /* Info.plist */,
			);
			path = ToDoGameTests;
			sourceTree = "<group>";
		};
		DAF914B6262B4E1800ACF14D /* ToDoGameUITests */ = {
			isa = PBXGroup;
			children = (
				DAF914B7262B4E1800ACF14D /* ToDoGameUITests.swift */,
				DAF914B9262B4E1800ACF14D /* Info.plist */,
			);
			path = ToDoGameUITests;
			sourceTree = "<group>";
		};
/* End PBXGroup section */

/* Begin PBXNativeTarget section */
		DAF9148E262B4E1500ACF14D /* ToDoGame */ = {
			isa = PBXNativeTarget;
			buildConfigurationList = DAF914BC262B4E1800ACF14D /* Build configuration list for PBXNativeTarget "ToDoGame" */;
			buildPhases = (
				DAF9148B262B4E1500ACF14D /* Sources */,
				DAF9148C262B4E1500ACF14D /* Frameworks */,
				DAF9148D262B4E1500ACF14D /* Resources */,
			);
			buildRules = (
			);
			dependencies = (
			);
			name = ToDoGame;
			productName = ToDoGame;
			productReference = DAF9148F262B4E1500ACF14D /* ToDoGame.app */;
			productType = "com.apple.product-type.application";
		};
		DAF914A7262B4E1800ACF14D /* ToDoGameTests */ = {
			isa = PBXNativeTarget;
			buildConfigurationList = DAF914BF262B4E1800ACF14D /* Build configuration list for PBXNativeTarget "ToDoGameTests" */;
			buildPhases = (
				DAF914A4262B4E1800ACF14D /* Sources */,
				DAF914A5262B4E1800ACF14D /* Frameworks */,
				DAF914A6262B4E1800ACF14D /* Resources */,
			);
			buildRules = (
			);
			dependencies = (
				DAF914AA262B4E1800ACF14D /* PBXTargetDependency */,
			);
			name = ToDoGameTests;
			productName = ToDoGameTests;
			productReference = DAF914A8262B4E1800ACF14D /* ToDoGameTests.xctest */;
			productType = "com.apple.product-type.bundle.unit-test";
		};
		DAF914B2262B4E1800ACF14D /* ToDoGameUITests */ = {
			isa = PBXNativeTarget;
			buildConfigurationList = DAF914C2262B4E1800ACF14D /* Build configuration list for PBXNativeTarget "ToDoGameUITests" */;
			buildPhases = (
				DAF914AF262B4E1800ACF14D /* Sources */,
				DAF914B0262B4E1800ACF14D /* Frameworks */,
				DAF914B1262B4E1800ACF14D /* Resources */,
			);
			buildRules = (
			);
			dependencies = (
				DAF914B5262B4E1800ACF14D /* PBXTargetDependency */,
			);
			name = ToDoGameUITests;
			productName = ToDoGameUITests;
			productReference = DAF914B3262B4E1800ACF14D /* ToDoGameUITests.xctest */;
			productType = "com.apple.product-type.bundle.ui-testing";
		};
/* End PBXNativeTarget section */

/* Begin PBXProject section */
		DAF91487262B4E1500ACF14D /* Project object */ = {
			isa = PBXProject;
			attributes = {
				LastSwiftUpdateCheck = 1240;
				LastUpgradeCheck = 1240;
				TargetAttributes = {
					DAF9148E262B4E1500ACF14D = {
						CreatedOnToolsVersion = 12.4;
					};
					DAF914A7262B4E1800ACF14D = {
						CreatedOnToolsVersion = 12.4;
						TestTargetID = DAF9148E262B4E1500ACF14D;
					};
					DAF914B2262B4E1800ACF14D = {
						CreatedOnToolsVersion = 12.4;
						TestTargetID = DAF9148E262B4E1500ACF14D;
					};
				};
			};
			buildConfigurationList = DAF9148A262B4E1500ACF14D /* Build configuration list for PBXProject "ToDoGame" */;
			compatibilityVersion = "Xcode 9.3";
			developmentRegion = en;
			hasScannedForEncodings = 0;
			knownRegions = (
				en,
				Base,
				ru,
			);
			mainGroup = DAF91486262B4E1500ACF14D;
			productRefGroup = DAF91490262B4E1500ACF14D /* Products */;
			projectDirPath = "";
			projectRoot = "";
			targets = (
				DAF9148E262B4E1500ACF14D /* ToDoGame */,
				DAF914A7262B4E1800ACF14D /* ToDoGameTests */,
				DAF914B2262B4E1800ACF14D /* ToDoGameUITests */,
			);
		};
/* End PBXProject section */

/* Begin PBXResourcesBuildPhase section */
		DAF9148D262B4E1500ACF14D /* Resources */ = {
			isa = PBXResourcesBuildPhase;
			buildActionMask = 2147483647;
			files = (
				DA22F10C2657A6C700F6D4E9 /* Nunito-SemiBoldItalic.ttf in Resources */,
				DA22F0E42657A6A100F6D4E9 /* Nunito-SemiBold.ttf in Resources */,
				DA22F0F02657A6B700F6D4E9 /* Nunito-ExtraBoldItalic.ttf in Resources */,
				DAF914A2262B4E1700ACF14D /* LaunchScreen.storyboard in Resources */,
				DA22F0E82657A6B200F6D4E9 /* Nunito-BoldItalic.ttf in Resources */,
				DA22F0F42657A6B900F6D4E9 /* Nunito-ExtraLight.ttf in Resources */,
				DA22F0EC2657A6B500F6D4E9 /* Nunito-ExtraBold.ttf in Resources */,
				DA22F0FC2657A6BD00F6D4E9 /* Nunito-Italic.ttf in Resources */,
				DA22F07F26555AE600F6D4E9 /* Localizable.strings in Resources */,
				DA22F1002657A6BF00F6D4E9 /* Nunito-Light.ttf in Resources */,
				DA22F0F82657A6BB00F6D4E9 /* Nunito-ExtraLightItalic.ttf in Resources */,
				DA22F1412662416C00F6D4E9 /* Localizable.stringsdict in Resources */,
				DA22F1082657A6C400F6D4E9 /* Nunito-Regular.ttf in Resources */,
				DAF9149F262B4E1700ACF14D /* Assets.xcassets in Resources */,
				DA22F0DB2657A69A00F6D4E9 /* Nunito-Black.ttf in Resources */,
				DA22F0E02657A69E00F6D4E9 /* Nunito-Bold.ttf in Resources */,
				DA22F1042657A6C200F6D4E9 /* Nunito-LightItalic.ttf in Resources */,
				DA22F0DF2657A69C00F6D4E9 /* Nunito-BlackItalic.ttf in Resources */,
			);
			runOnlyForDeploymentPostprocessing = 0;
		};
		DAF914A6262B4E1800ACF14D /* Resources */ = {
			isa = PBXResourcesBuildPhase;
			buildActionMask = 2147483647;
			files = (
			);
			runOnlyForDeploymentPostprocessing = 0;
		};
		DAF914B1262B4E1800ACF14D /* Resources */ = {
			isa = PBXResourcesBuildPhase;
			buildActionMask = 2147483647;
			files = (
			);
			runOnlyForDeploymentPostprocessing = 0;
		};
/* End PBXResourcesBuildPhase section */

/* Begin PBXSourcesBuildPhase section */
		DAF9148B262B4E1500ACF14D /* Sources */ = {
			isa = PBXSourcesBuildPhase;
			buildActionMask = 2147483647;
			files = (
				DA22EF9D263452DA00F6D4E9 /* TaskTableViewCell.swift in Sources */,
				DA95979726767A0C00D88CAC /* RepeatComposedView.swift in Sources */,
				DA95981F267BCF3400D88CAC /* TimeCheckboxView.swift in Sources */,
				DA22F0BF26564F5900F6D4E9 /* TagsView.swift in Sources */,
				DA9597E4267A636400D88CAC /* e_UITextField.swift in Sources */,
				DA22F0AF265569F100F6D4E9 /* DatePickerView.swift in Sources */,
				DA22EF9526344CA400F6D4E9 /* e_UIView.swift in Sources */,
				DA22F056265556FA00F6D4E9 /* LabelDropdownView.swift in Sources */,
				DA22F0AA265565B200F6D4E9 /* p_KeyboardHandler.swift in Sources */,
				DA22F1492662449900F6D4E9 /* e_String.swift in Sources */,
				DA95978326736B2500D88CAC /* RadioButton.swift in Sources */,
				DA22EFE8265101E600F6D4E9 /* RecurrenceFrequency.swift in Sources */,
				DA22F123265D1D2B00F6D4E9 /* e_UIAlertController.swift in Sources */,
				DA22F111265B95A900F6D4E9 /* TasksManager.swift in Sources */,
				DA9597E9267A657200D88CAC /* WeekdaysView.swift in Sources */,
				DA22EFA326455DFA00F6D4E9 /* TaskListCoordinator.swift in Sources */,
				DA22F116265CE58600F6D4E9 /* UserDefaultsService.swift in Sources */,
				DA22F05E265557CF00F6D4E9 /* DropdownView.swift in Sources */,
				DA22F1332661371300F6D4E9 /* TextViewContainer.swift in Sources */,
				DA9597AC267A0C3100D88CAC /* RepeatChoiceView.swift in Sources */,
				DA95979226765D3800D88CAC /* TaskInputView.swift in Sources */,
				DA22EFD92645A6DA00F6D4E9 /* RecurrenceRule.swift in Sources */,
				DA22F09226555E8000F6D4E9 /* DropdownButton.swift in Sources */,
				DA22EF8A26344BC300F6D4E9 /* TaskListViewController.swift in Sources */,
				DA9597EE267A65BE00D88CAC /* WeekdayCollectionViewCell.swift in Sources */,
				DA22EFBC2645612F00F6D4E9 /* Task.swift in Sources */,
				DA22EFFD26528D3200F6D4E9 /* TaskViewModel.swift in Sources */,
				DA22F00226528F1900F6D4E9 /* TaskViewModelFactory.swift in Sources */,
				DA22F00726529D8700F6D4E9 /* e_Date.swift in Sources */,
				DAF91497262B4E1500ACF14D /* ViewController.swift in Sources */,
				DA9597B1267A0C8700D88CAC /* RadioSwitchTableView.swift in Sources */,
				DA22EFF2265104A300F6D4E9 /* Tag.swift in Sources */,
				DAF9149D262B4E1500ACF14D /* ToDoGame.xcdatamodeld in Sources */,
				DA959803267B4BCD00D88CAC /* CalendarCollectionView.swift in Sources */,
				DA22F0B426556D7400F6D4E9 /* AppTextView.swift in Sources */,
				DA22F138266137F300F6D4E9 /* e_UITextView.swift in Sources */,
				DAF91493262B4E1500ACF14D /* AppDelegate.swift in Sources */,
				DA22EFB12645606600F6D4E9 /* SingleTaskViewController.swift in Sources */,
				DA9597C4267A19E000D88CAC /* CheckboxButton.swift in Sources */,
				DA9597BF267A191700D88CAC /* CheckboxView.swift in Sources */,
				DA9597FE267B4BAE00D88CAC /* CalendarHeaderView.swift in Sources */,
				DA9597DF267A5B7500D88CAC /* e_Int.swift in Sources */,
				DA22EF8F26344C1200F6D4E9 /* TaskListView.swift in Sources */,
				DA959829267CA25200D88CAC /* NotificationView.swift in Sources */,
				DA9597DA267A27A300D88CAC /* RepeatWithIntervalView.swift in Sources */,
				DA95978D2676280A00D88CAC /* TimePickerView.swift in Sources */,
				DA95980D267B543700D88CAC /* CalendarDay.swift in Sources */,
				DA959812267B658000D88CAC /* CalendarService.swift in Sources */,
				DA22F0C42656509400F6D4E9 /* TagCollectionViewCell.swift in Sources */,
				DA22F0A02655642200F6D4E9 /* Colors.swift in Sources */,
				DA22F098265563E900F6D4E9 /* SizeConstants.swift in Sources */,
				DA959834267CA5F800D88CAC /* ColorView.swift in Sources */,
				DA9597B6267A0CBF00D88CAC /* RadioSwitchTableViewCell.swift in Sources */,
				DA959808267B4BDA00D88CAC /* CalendarCollectionViewCell.swift in Sources */,
				DA22EFB62645608C00F6D4E9 /* SingleTaskCoordinator.swift in Sources */,
				DA9597F8267A7F4400D88CAC /* AppTextField.swift in Sources */,
				DA959817267BAE9A00D88CAC /* WeekdaySymbolsView.swift in Sources */,
				DA22EFC92645772B00F6D4E9 /* StorageManager.swift in Sources */,
				DA22F0A52655649A00F6D4E9 /* Fonts.swift in Sources */,
				DA22F08D26555BE900F6D4E9 /* Strings.swift in Sources */,
				DA9597F3267A67ED00D88CAC /* e_Calendar.swift in Sources */,
				DA22F11E265D11AD00F6D4E9 /* e_Array.swift in Sources */,
				DA22F12A265F941D00F6D4E9 /* TaskCellView.swift in Sources */,
			);
			runOnlyForDeploymentPostprocessing = 0;
		};
		DAF914A4262B4E1800ACF14D /* Sources */ = {
			isa = PBXSourcesBuildPhase;
			buildActionMask = 2147483647;
			files = (
				DAF914AD262B4E1800ACF14D /* ToDoGameTests.swift in Sources */,
			);
			runOnlyForDeploymentPostprocessing = 0;
		};
		DAF914AF262B4E1800ACF14D /* Sources */ = {
			isa = PBXSourcesBuildPhase;
			buildActionMask = 2147483647;
			files = (
				DAF914B8262B4E1800ACF14D /* ToDoGameUITests.swift in Sources */,
			);
			runOnlyForDeploymentPostprocessing = 0;
		};
/* End PBXSourcesBuildPhase section */

/* Begin PBXTargetDependency section */
		DAF914AA262B4E1800ACF14D /* PBXTargetDependency */ = {
			isa = PBXTargetDependency;
			target = DAF9148E262B4E1500ACF14D /* ToDoGame */;
			targetProxy = DAF914A9262B4E1800ACF14D /* PBXContainerItemProxy */;
		};
		DAF914B5262B4E1800ACF14D /* PBXTargetDependency */ = {
			isa = PBXTargetDependency;
			target = DAF9148E262B4E1500ACF14D /* ToDoGame */;
			targetProxy = DAF914B4262B4E1800ACF14D /* PBXContainerItemProxy */;
		};
/* End PBXTargetDependency section */

/* Begin PBXVariantGroup section */
		DA22F07D26555AE600F6D4E9 /* Localizable.strings */ = {
			isa = PBXVariantGroup;
			children = (
				DA22F07E26555AE600F6D4E9 /* en */,
				DA22F08326555AF600F6D4E9 /* ru */,
			);
			name = Localizable.strings;
			sourceTree = "<group>";
		};
		DA22F1432662416C00F6D4E9 /* Localizable.stringsdict */ = {
			isa = PBXVariantGroup;
			children = (
				DA22F1422662416C00F6D4E9 /* en */,
				DA22F1472662417300F6D4E9 /* ru */,
			);
			name = Localizable.stringsdict;
			sourceTree = "<group>";
		};
		DAF914A0262B4E1700ACF14D /* LaunchScreen.storyboard */ = {
			isa = PBXVariantGroup;
			children = (
				DAF914A1262B4E1700ACF14D /* Base */,
				DA22F0622655593D00F6D4E9 /* ru */,
			);
			name = LaunchScreen.storyboard;
			sourceTree = "<group>";
		};
/* End PBXVariantGroup section */

/* Begin XCBuildConfiguration section */
		DAF914BA262B4E1800ACF14D /* Debug */ = {
			isa = XCBuildConfiguration;
			buildSettings = {
				ALWAYS_SEARCH_USER_PATHS = NO;
				CLANG_ANALYZER_LOCALIZABILITY_NONLOCALIZED = YES;
				CLANG_ANALYZER_NONNULL = YES;
				CLANG_ANALYZER_NUMBER_OBJECT_CONVERSION = YES_AGGRESSIVE;
				CLANG_CXX_LANGUAGE_STANDARD = "gnu++14";
				CLANG_CXX_LIBRARY = "libc++";
				CLANG_ENABLE_MODULES = YES;
				CLANG_ENABLE_OBJC_ARC = YES;
				CLANG_ENABLE_OBJC_WEAK = YES;
				CLANG_WARN_BLOCK_CAPTURE_AUTORELEASING = YES;
				CLANG_WARN_BOOL_CONVERSION = YES;
				CLANG_WARN_COMMA = YES;
				CLANG_WARN_CONSTANT_CONVERSION = YES;
				CLANG_WARN_DEPRECATED_OBJC_IMPLEMENTATIONS = YES;
				CLANG_WARN_DIRECT_OBJC_ISA_USAGE = YES_ERROR;
				CLANG_WARN_DOCUMENTATION_COMMENTS = YES;
				CLANG_WARN_EMPTY_BODY = YES;
				CLANG_WARN_ENUM_CONVERSION = YES;
				CLANG_WARN_INFINITE_RECURSION = YES;
				CLANG_WARN_INT_CONVERSION = YES;
				CLANG_WARN_NON_LITERAL_NULL_CONVERSION = YES;
				CLANG_WARN_OBJC_IMPLICIT_RETAIN_SELF = YES;
				CLANG_WARN_OBJC_LITERAL_CONVERSION = YES;
				CLANG_WARN_OBJC_ROOT_CLASS = YES_ERROR;
				CLANG_WARN_QUOTED_INCLUDE_IN_FRAMEWORK_HEADER = YES;
				CLANG_WARN_RANGE_LOOP_ANALYSIS = YES;
				CLANG_WARN_STRICT_PROTOTYPES = YES;
				CLANG_WARN_SUSPICIOUS_MOVE = YES;
				CLANG_WARN_UNGUARDED_AVAILABILITY = YES_AGGRESSIVE;
				CLANG_WARN_UNREACHABLE_CODE = YES;
				CLANG_WARN__DUPLICATE_METHOD_MATCH = YES;
				COPY_PHASE_STRIP = NO;
				DEBUG_INFORMATION_FORMAT = dwarf;
				ENABLE_STRICT_OBJC_MSGSEND = YES;
				ENABLE_TESTABILITY = YES;
				GCC_C_LANGUAGE_STANDARD = gnu11;
				GCC_DYNAMIC_NO_PIC = NO;
				GCC_NO_COMMON_BLOCKS = YES;
				GCC_OPTIMIZATION_LEVEL = 0;
				GCC_PREPROCESSOR_DEFINITIONS = (
					"DEBUG=1",
					"$(inherited)",
				);
				GCC_WARN_64_TO_32_BIT_CONVERSION = YES;
				GCC_WARN_ABOUT_RETURN_TYPE = YES_ERROR;
				GCC_WARN_UNDECLARED_SELECTOR = YES;
				GCC_WARN_UNINITIALIZED_AUTOS = YES_AGGRESSIVE;
				GCC_WARN_UNUSED_FUNCTION = YES;
				GCC_WARN_UNUSED_VARIABLE = YES;
				IPHONEOS_DEPLOYMENT_TARGET = 11.0;
				MTL_ENABLE_DEBUG_INFO = INCLUDE_SOURCE;
				MTL_FAST_MATH = YES;
				ONLY_ACTIVE_ARCH = YES;
				SDKROOT = iphoneos;
				SWIFT_ACTIVE_COMPILATION_CONDITIONS = DEBUG;
				SWIFT_OPTIMIZATION_LEVEL = "-Onone";
			};
			name = Debug;
		};
		DAF914BB262B4E1800ACF14D /* Release */ = {
			isa = XCBuildConfiguration;
			buildSettings = {
				ALWAYS_SEARCH_USER_PATHS = NO;
				CLANG_ANALYZER_LOCALIZABILITY_NONLOCALIZED = YES;
				CLANG_ANALYZER_NONNULL = YES;
				CLANG_ANALYZER_NUMBER_OBJECT_CONVERSION = YES_AGGRESSIVE;
				CLANG_CXX_LANGUAGE_STANDARD = "gnu++14";
				CLANG_CXX_LIBRARY = "libc++";
				CLANG_ENABLE_MODULES = YES;
				CLANG_ENABLE_OBJC_ARC = YES;
				CLANG_ENABLE_OBJC_WEAK = YES;
				CLANG_WARN_BLOCK_CAPTURE_AUTORELEASING = YES;
				CLANG_WARN_BOOL_CONVERSION = YES;
				CLANG_WARN_COMMA = YES;
				CLANG_WARN_CONSTANT_CONVERSION = YES;
				CLANG_WARN_DEPRECATED_OBJC_IMPLEMENTATIONS = YES;
				CLANG_WARN_DIRECT_OBJC_ISA_USAGE = YES_ERROR;
				CLANG_WARN_DOCUMENTATION_COMMENTS = YES;
				CLANG_WARN_EMPTY_BODY = YES;
				CLANG_WARN_ENUM_CONVERSION = YES;
				CLANG_WARN_INFINITE_RECURSION = YES;
				CLANG_WARN_INT_CONVERSION = YES;
				CLANG_WARN_NON_LITERAL_NULL_CONVERSION = YES;
				CLANG_WARN_OBJC_IMPLICIT_RETAIN_SELF = YES;
				CLANG_WARN_OBJC_LITERAL_CONVERSION = YES;
				CLANG_WARN_OBJC_ROOT_CLASS = YES_ERROR;
				CLANG_WARN_QUOTED_INCLUDE_IN_FRAMEWORK_HEADER = YES;
				CLANG_WARN_RANGE_LOOP_ANALYSIS = YES;
				CLANG_WARN_STRICT_PROTOTYPES = YES;
				CLANG_WARN_SUSPICIOUS_MOVE = YES;
				CLANG_WARN_UNGUARDED_AVAILABILITY = YES_AGGRESSIVE;
				CLANG_WARN_UNREACHABLE_CODE = YES;
				CLANG_WARN__DUPLICATE_METHOD_MATCH = YES;
				COPY_PHASE_STRIP = NO;
				DEBUG_INFORMATION_FORMAT = "dwarf-with-dsym";
				ENABLE_NS_ASSERTIONS = NO;
				ENABLE_STRICT_OBJC_MSGSEND = YES;
				GCC_C_LANGUAGE_STANDARD = gnu11;
				GCC_NO_COMMON_BLOCKS = YES;
				GCC_WARN_64_TO_32_BIT_CONVERSION = YES;
				GCC_WARN_ABOUT_RETURN_TYPE = YES_ERROR;
				GCC_WARN_UNDECLARED_SELECTOR = YES;
				GCC_WARN_UNINITIALIZED_AUTOS = YES_AGGRESSIVE;
				GCC_WARN_UNUSED_FUNCTION = YES;
				GCC_WARN_UNUSED_VARIABLE = YES;
				IPHONEOS_DEPLOYMENT_TARGET = 11.0;
				MTL_ENABLE_DEBUG_INFO = NO;
				MTL_FAST_MATH = YES;
				SDKROOT = iphoneos;
				SWIFT_COMPILATION_MODE = wholemodule;
				SWIFT_OPTIMIZATION_LEVEL = "-O";
				VALIDATE_PRODUCT = YES;
			};
			name = Release;
		};
		DAF914BD262B4E1800ACF14D /* Debug */ = {
			isa = XCBuildConfiguration;
			buildSettings = {
				ASSETCATALOG_COMPILER_APPICON_NAME = AppIcon;
				ASSETCATALOG_COMPILER_GLOBAL_ACCENT_COLOR_NAME = AccentColor;
				CODE_SIGN_STYLE = Automatic;
				DEVELOPMENT_TEAM = 9B6XMQ42ZT;
				INFOPLIST_FILE = ToDoGame/Info.plist;
				IPHONEOS_DEPLOYMENT_TARGET = 11.0;
				LD_RUNPATH_SEARCH_PATHS = (
					"$(inherited)",
					"@executable_path/Frameworks",
				);
				PRODUCT_BUNDLE_IDENTIFIER = dariaS.ToDoGame;
				PRODUCT_NAME = "$(TARGET_NAME)";
				SWIFT_VERSION = 5.0;
				TARGETED_DEVICE_FAMILY = "1,2";
			};
			name = Debug;
		};
		DAF914BE262B4E1800ACF14D /* Release */ = {
			isa = XCBuildConfiguration;
			buildSettings = {
				ASSETCATALOG_COMPILER_APPICON_NAME = AppIcon;
				ASSETCATALOG_COMPILER_GLOBAL_ACCENT_COLOR_NAME = AccentColor;
				CODE_SIGN_STYLE = Automatic;
				DEVELOPMENT_TEAM = 9B6XMQ42ZT;
				INFOPLIST_FILE = ToDoGame/Info.plist;
				IPHONEOS_DEPLOYMENT_TARGET = 11.0;
				LD_RUNPATH_SEARCH_PATHS = (
					"$(inherited)",
					"@executable_path/Frameworks",
				);
				PRODUCT_BUNDLE_IDENTIFIER = dariaS.ToDoGame;
				PRODUCT_NAME = "$(TARGET_NAME)";
				SWIFT_VERSION = 5.0;
				TARGETED_DEVICE_FAMILY = "1,2";
			};
			name = Release;
		};
		DAF914C0262B4E1800ACF14D /* Debug */ = {
			isa = XCBuildConfiguration;
			buildSettings = {
				ALWAYS_EMBED_SWIFT_STANDARD_LIBRARIES = YES;
				BUNDLE_LOADER = "$(TEST_HOST)";
				CODE_SIGN_STYLE = Automatic;
				DEVELOPMENT_TEAM = 9B6XMQ42ZT;
				INFOPLIST_FILE = ToDoGameTests/Info.plist;
				IPHONEOS_DEPLOYMENT_TARGET = 14.4;
				LD_RUNPATH_SEARCH_PATHS = (
					"$(inherited)",
					"@executable_path/Frameworks",
					"@loader_path/Frameworks",
				);
				PRODUCT_BUNDLE_IDENTIFIER = dariaS.ToDoGameTests;
				PRODUCT_NAME = "$(TARGET_NAME)";
				SWIFT_VERSION = 5.0;
				TARGETED_DEVICE_FAMILY = "1,2";
				TEST_HOST = "$(BUILT_PRODUCTS_DIR)/ToDoGame.app/ToDoGame";
			};
			name = Debug;
		};
		DAF914C1262B4E1800ACF14D /* Release */ = {
			isa = XCBuildConfiguration;
			buildSettings = {
				ALWAYS_EMBED_SWIFT_STANDARD_LIBRARIES = YES;
				BUNDLE_LOADER = "$(TEST_HOST)";
				CODE_SIGN_STYLE = Automatic;
				DEVELOPMENT_TEAM = 9B6XMQ42ZT;
				INFOPLIST_FILE = ToDoGameTests/Info.plist;
				IPHONEOS_DEPLOYMENT_TARGET = 14.4;
				LD_RUNPATH_SEARCH_PATHS = (
					"$(inherited)",
					"@executable_path/Frameworks",
					"@loader_path/Frameworks",
				);
				PRODUCT_BUNDLE_IDENTIFIER = dariaS.ToDoGameTests;
				PRODUCT_NAME = "$(TARGET_NAME)";
				SWIFT_VERSION = 5.0;
				TARGETED_DEVICE_FAMILY = "1,2";
				TEST_HOST = "$(BUILT_PRODUCTS_DIR)/ToDoGame.app/ToDoGame";
			};
			name = Release;
		};
		DAF914C3262B4E1800ACF14D /* Debug */ = {
			isa = XCBuildConfiguration;
			buildSettings = {
				ALWAYS_EMBED_SWIFT_STANDARD_LIBRARIES = YES;
				CODE_SIGN_STYLE = Automatic;
				DEVELOPMENT_TEAM = 9B6XMQ42ZT;
				INFOPLIST_FILE = ToDoGameUITests/Info.plist;
				LD_RUNPATH_SEARCH_PATHS = (
					"$(inherited)",
					"@executable_path/Frameworks",
					"@loader_path/Frameworks",
				);
				PRODUCT_BUNDLE_IDENTIFIER = dariaS.ToDoGameUITests;
				PRODUCT_NAME = "$(TARGET_NAME)";
				SWIFT_VERSION = 5.0;
				TARGETED_DEVICE_FAMILY = "1,2";
				TEST_TARGET_NAME = ToDoGame;
			};
			name = Debug;
		};
		DAF914C4262B4E1800ACF14D /* Release */ = {
			isa = XCBuildConfiguration;
			buildSettings = {
				ALWAYS_EMBED_SWIFT_STANDARD_LIBRARIES = YES;
				CODE_SIGN_STYLE = Automatic;
				DEVELOPMENT_TEAM = 9B6XMQ42ZT;
				INFOPLIST_FILE = ToDoGameUITests/Info.plist;
				LD_RUNPATH_SEARCH_PATHS = (
					"$(inherited)",
					"@executable_path/Frameworks",
					"@loader_path/Frameworks",
				);
				PRODUCT_BUNDLE_IDENTIFIER = dariaS.ToDoGameUITests;
				PRODUCT_NAME = "$(TARGET_NAME)";
				SWIFT_VERSION = 5.0;
				TARGETED_DEVICE_FAMILY = "1,2";
				TEST_TARGET_NAME = ToDoGame;
			};
			name = Release;
		};
/* End XCBuildConfiguration section */

/* Begin XCConfigurationList section */
		DAF9148A262B4E1500ACF14D /* Build configuration list for PBXProject "ToDoGame" */ = {
			isa = XCConfigurationList;
			buildConfigurations = (
				DAF914BA262B4E1800ACF14D /* Debug */,
				DAF914BB262B4E1800ACF14D /* Release */,
			);
			defaultConfigurationIsVisible = 0;
			defaultConfigurationName = Release;
		};
		DAF914BC262B4E1800ACF14D /* Build configuration list for PBXNativeTarget "ToDoGame" */ = {
			isa = XCConfigurationList;
			buildConfigurations = (
				DAF914BD262B4E1800ACF14D /* Debug */,
				DAF914BE262B4E1800ACF14D /* Release */,
			);
			defaultConfigurationIsVisible = 0;
			defaultConfigurationName = Release;
		};
		DAF914BF262B4E1800ACF14D /* Build configuration list for PBXNativeTarget "ToDoGameTests" */ = {
			isa = XCConfigurationList;
			buildConfigurations = (
				DAF914C0262B4E1800ACF14D /* Debug */,
				DAF914C1262B4E1800ACF14D /* Release */,
			);
			defaultConfigurationIsVisible = 0;
			defaultConfigurationName = Release;
		};
		DAF914C2262B4E1800ACF14D /* Build configuration list for PBXNativeTarget "ToDoGameUITests" */ = {
			isa = XCConfigurationList;
			buildConfigurations = (
				DAF914C3262B4E1800ACF14D /* Debug */,
				DAF914C4262B4E1800ACF14D /* Release */,
			);
			defaultConfigurationIsVisible = 0;
			defaultConfigurationName = Release;
		};
/* End XCConfigurationList section */

/* Begin XCVersionGroup section */
		DAF9149B262B4E1500ACF14D /* ToDoGame.xcdatamodeld */ = {
			isa = XCVersionGroup;
			children = (
				DAF9149C262B4E1500ACF14D /* ToDoGame.xcdatamodel */,
			);
			currentVersion = DAF9149C262B4E1500ACF14D /* ToDoGame.xcdatamodel */;
			path = ToDoGame.xcdatamodeld;
			sourceTree = "<group>";
			versionGroupType = wrapper.xcdatamodel;
		};
/* End XCVersionGroup section */
	};
	rootObject = DAF91487262B4E1500ACF14D /* Project object */;
}
